
Microsoft Visual Studio Solution File, Format Version 12.00
# Visual Studio Version 17
VisualStudioVersion = 17.8.34330.188
MinimumVisualStudioVersion = 10.0.40219.1
Project("{9A19103F-16F7-4668-BE54-9A1E7A4F7556}") = "Blazor.Todo", "Blazor.Todo\Blazor.Todo.csproj", "{7349F13D-3C61-4AB5-ABDC-250D92380F82}"
EndProject
Project("{9A19103F-16F7-4668-BE54-9A1E7A4F7556}") = "Blazor.Todo.Client", "Blazor.Todo.Client\Blazor.Todo.Client.csproj", "{A799FA25-ED34-4F26-9C22-271DE1CB651C}"
EndProject
Project("{9A19103F-16F7-4668-BE54-9A1E7A4F7556}") = "Blazor.Todo.Shared", "Blazor.Todo.Shared\Blazor.Todo.Shared.csproj", "{30F2AC51-C48B-4705-8E10-4DB6AA7275BE}"
EndProject
Global
	GlobalSection(SolutionConfigurationPlatforms) = preSolution
		Debug|Any CPU = Debug|Any CPU
		Release|Any CPU = Release|Any CPU
	EndGlobalSection
	GlobalSection(ProjectConfigurationPlatforms) = postSolution
		{7349F13D-3C61-4AB5-ABDC-250D92380F82}.Debug|Any CPU.ActiveCfg = Debug|Any CPU
		{7349F13D-3C61-4AB5-ABDC-250D92380F82}.Debug|Any CPU.Build.0 = Debug|Any CPU
		{7349F13D-3C61-4AB5-ABDC-250D92380F82}.Release|Any CPU.ActiveCfg = Release|Any CPU
		{7349F13D-3C61-4AB5-ABDC-250D92380F82}.Release|Any CPU.Build.0 = Release|Any CPU
		{A799FA25-ED34-4F26-9C22-271DE1CB651C}.Debug|Any CPU.ActiveCfg = Debug|Any CPU
		{A799FA25-ED34-4F26-9C22-271DE1CB651C}.Debug|Any CPU.Build.0 = Debug|Any CPU
		{A799FA25-ED34-4F26-9C22-271DE1CB651C}.Release|Any CPU.ActiveCfg = Release|Any CPU
		{A799FA25-ED34-4F26-9C22-271DE1CB651C}.Release|Any CPU.Build.0 = Release|Any CPU
		{30F2AC51-C48B-4705-8E10-4DB6AA7275BE}.Debug|Any CPU.ActiveCfg = Debug|Any CPU
		{30F2AC51-C48B-4705-8E10-4DB6AA7275BE}.Debug|Any CPU.Build.0 = Debug|Any CPU
		{30F2AC51-C48B-4705-8E10-4DB6AA7275BE}.Release|Any CPU.ActiveCfg = Release|Any CPU
		{30F2AC51-C48B-4705-8E10-4DB6AA7275BE}.Release|Any CPU.Build.0 = Release|Any CPU
	EndGlobalSection
	GlobalSection(SolutionProperties) = preSolution
		HideSolutionNode = FALSE
	EndGlobalSection
	GlobalSection(ExtensibilityGlobals) = postSolution
		SolutionGuid = {B3AFDA30-4320-4989-8F69-624655B171BC}
	EndGlobalSection
EndGlobal
